// !$*UTF8*$!
{
	archiveVersion = 1;
	classes = {
	};
	objectVersion = 50;
	objects = {

/* Begin PBXBuildFile section */
		1787A33F2669B11900417E27 /* AppDelegate.swift in Sources */ = {isa = PBXBuildFile; fileRef = 1787A33E2669B11900417E27 /* AppDelegate.swift */; };
		1787A3412669B11900417E27 /* SceneDelegate.swift in Sources */ = {isa = PBXBuildFile; fileRef = 1787A3402669B11900417E27 /* SceneDelegate.swift */; };
		1787A3432669B11900417E27 /* MainViewController.swift in Sources */ = {isa = PBXBuildFile; fileRef = 1787A3422669B11900417E27 /* MainViewController.swift */; };
		1787A3462669B11900417E27 /* Main.storyboard in Resources */ = {isa = PBXBuildFile; fileRef = 1787A3442669B11900417E27 /* Main.storyboard */; };
		1787A3482669B11B00417E27 /* Assets.xcassets in Resources */ = {isa = PBXBuildFile; fileRef = 1787A3472669B11B00417E27 /* Assets.xcassets */; };
		1787A34B2669B11B00417E27 /* LaunchScreen.storyboard in Resources */ = {isa = PBXBuildFile; fileRef = 1787A3492669B11B00417E27 /* LaunchScreen.storyboard */; };
		1787A3592669B88C00417E27 /* Filme.swift in Sources */ = {isa = PBXBuildFile; fileRef = 1787A3582669B88C00417E27 /* Filme.swift */; };
		1787A35C2669B9EE00417E27 /* Cinemateca.swift in Sources */ = {isa = PBXBuildFile; fileRef = 1787A35B2669B9EE00417E27 /* Cinemateca.swift */; };
		1787A35F2669BC8F00417E27 /* FormViewController.swift in Sources */ = {isa = PBXBuildFile; fileRef = 1787A35E2669BC8F00417E27 /* FormViewController.swift */; };
/* End PBXBuildFile section */

/* Begin PBXFileReference section */
		1787A33B2669B11900417E27 /* Meus Filmes.app */ = {isa = PBXFileReference; explicitFileType = wrapper.application; includeInIndex = 0; path = "Meus Filmes.app"; sourceTree = BUILT_PRODUCTS_DIR; };
		1787A33E2669B11900417E27 /* AppDelegate.swift */ = {isa = PBXFileReference; lastKnownFileType = sourcecode.swift; path = AppDelegate.swift; sourceTree = "<group>"; };
		1787A3402669B11900417E27 /* SceneDelegate.swift */ = {isa = PBXFileReference; lastKnownFileType = sourcecode.swift; path = SceneDelegate.swift; sourceTree = "<group>"; };
		1787A3422669B11900417E27 /* MainViewController.swift */ = {isa = PBXFileReference; lastKnownFileType = sourcecode.swift; path = MainViewController.swift; sourceTree = "<group>"; };
		1787A3452669B11900417E27 /* Base */ = {isa = PBXFileReference; lastKnownFileType = file.storyboard; name = Base; path = Base.lproj/Main.storyboard; sourceTree = "<group>"; };
		1787A3472669B11B00417E27 /* Assets.xcassets */ = {isa = PBXFileReference; lastKnownFileType = folder.assetcatalog; path = Assets.xcassets; sourceTree = "<group>"; };
		1787A34A2669B11B00417E27 /* Base */ = {isa = PBXFileReference; lastKnownFileType = file.storyboard; name = Base; path = Base.lproj/LaunchScreen.storyboard; sourceTree = "<group>"; };
		1787A34C2669B11B00417E27 /* Info.plist */ = {isa = PBXFileReference; lastKnownFileType = text.plist.xml; path = Info.plist; sourceTree = "<group>"; };
		1787A3582669B88C00417E27 /* Filme.swift */ = {isa = PBXFileReference; lastKnownFileType = sourcecode.swift; path = Filme.swift; sourceTree = "<group>"; };
		1787A35B2669B9EE00417E27 /* Cinemateca.swift */ = {isa = PBXFileReference; lastKnownFileType = sourcecode.swift; path = Cinemateca.swift; sourceTree = "<group>"; };
		1787A35E2669BC8F00417E27 /* FormViewController.swift */ = {isa = PBXFileReference; lastKnownFileType = sourcecode.swift; path = FormViewController.swift; sourceTree = "<group>"; };
/* End PBXFileReference section */

/* Begin PBXFrameworksBuildPhase section */
		1787A3382669B11900417E27 /* Frameworks */ = {
			isa = PBXFrameworksBuildPhase;
			buildActionMask = 2147483647;
			files = (
			);
			runOnlyForDeploymentPostprocessing = 0;
		};
/* End PBXFrameworksBuildPhase section */

/* Begin PBXGroup section */
		1787A3322669B11900417E27 = {
			isa = PBXGroup;
			children = (
				1787A33D2669B11900417E27 /* Meus Filmes */,
				1787A33C2669B11900417E27 /* Products */,
			);
			sourceTree = "<group>";
		};
		1787A33C2669B11900417E27 /* Products */ = {
			isa = PBXGroup;
			children = (
				1787A33B2669B11900417E27 /* Meus Filmes.app */,
			);
			name = Products;
			sourceTree = "<group>";
		};
		1787A33D2669B11900417E27 /* Meus Filmes */ = {
			isa = PBXGroup;
			children = (
				1787A3552669B15400417E27 /* Controller */,
				1787A3542669B14C00417E27 /* View */,
				1787A3532669B14000417E27 /* Model */,
				1787A33E2669B11900417E27 /* AppDelegate.swift */,
				1787A3402669B11900417E27 /* SceneDelegate.swift */,
				1787A3472669B11B00417E27 /* Assets.xcassets */,
				1787A34C2669B11B00417E27 /* Info.plist */,
			);
			path = "Meus Filmes";
			sourceTree = "<group>";
		};
		1787A3532669B14000417E27 /* Model */ = {
			isa = PBXGroup;
			children = (
				1787A3582669B88C00417E27 /* Filme.swift */,
				1787A35B2669B9EE00417E27 /* Cinemateca.swift */,
			);
			path = Model;
			sourceTree = "<group>";
		};
		1787A3542669B14C00417E27 /* View */ = {
			isa = PBXGroup;
			children = (
				1787A3442669B11900417E27 /* Main.storyboard */,
				1787A3492669B11B00417E27 /* LaunchScreen.storyboard */,
			);
			path = View;
			sourceTree = "<group>";
		};
		1787A3552669B15400417E27 /* Controller */ = {
			isa = PBXGroup;
			children = (
				1787A3422669B11900417E27 /* MainViewController.swift */,
				1787A35E2669BC8F00417E27 /* FormViewController.swift */,
			);
			path = Controller;
			sourceTree = "<group>";
		};
/* End PBXGroup section */

/* Begin PBXNativeTarget section */
		1787A33A2669B11900417E27 /* Meus Filmes */ = {
			isa = PBXNativeTarget;
			buildConfigurationList = 1787A34F2669B11B00417E27 /* Build configuration list for PBXNativeTarget "Meus Filmes" */;
			buildPhases = (
				1787A3372669B11900417E27 /* Sources */,
				1787A3382669B11900417E27 /* Frameworks */,
				1787A3392669B11900417E27 /* Resources */,
			);
			buildRules = (
			);
			dependencies = (
			);
			name = "Meus Filmes";
			productName = "Meus Filmes";
			productReference = 1787A33B2669B11900417E27 /* Meus Filmes.app */;
			productType = "com.apple.product-type.application";
		};
/* End PBXNativeTarget section */

/* Begin PBXProject section */
		1787A3332669B11900417E27 /* Project object */ = {
			isa = PBXProject;
			attributes = {
				LastSwiftUpdateCheck = 1220;
				LastUpgradeCheck = 1220;
				TargetAttributes = {
					1787A33A2669B11900417E27 = {
						CreatedOnToolsVersion = 12.2;
					};
				};
			};
			buildConfigurationList = 1787A3362669B11900417E27 /* Build configuration list for PBXProject "Meus Filmes" */;
			compatibilityVersion = "Xcode 9.3";
			developmentRegion = en;
			hasScannedForEncodings = 0;
			knownRegions = (
				en,
				Base,
			);
			mainGroup = 1787A3322669B11900417E27;
			productRefGroup = 1787A33C2669B11900417E27 /* Products */;
			projectDirPath = "";
			projectRoot = "";
			targets = (
				1787A33A2669B11900417E27 /* Meus Filmes */,
			);
		};
/* End PBXProject section */

/* Begin PBXResourcesBuildPhase section */
		1787A3392669B11900417E27 /* Resources */ = {
			isa = PBXResourcesBuildPhase;
			buildActionMask = 2147483647;
			files = (
				1787A34B2669B11B00417E27 /* LaunchScreen.storyboard in Resources */,
				1787A3482669B11B00417E27 /* Assets.xcassets in Resources */,
				1787A3462669B11900417E27 /* Main.storyboard in Resources */,
			);
			runOnlyForDeploymentPostprocessing = 0;
		};
/* End PBXResourcesBuildPhase section */

/* Begin PBXSourcesBuildPhase section */
		1787A3372669B11900417E27 /* Sources */ = {
			isa = PBXSourcesBuildPhase;
			buildActionMask = 2147483647;
			files = (
				1787A35F2669BC8F00417E27 /* FormViewController.swift in Sources */,
				1787A3432669B11900417E27 /* MainViewController.swift in Sources */,
				1787A33F2669B11900417E27 /* AppDelegate.swift in Sources */,
				1787A3412669B11900417E27 /* SceneDelegate.swift in Sources */,
				1787A35C2669B9EE00417E27 /* Cinemateca.swift in Sources */,
				1787A3592669B88C00417E27 /* Filme.swift in Sources */,
			);
			runOnlyForDeploymentPostprocessing = 0;
		};
/* End PBXSourcesBuildPhase section */

/* Begin PBXVariantGroup section */
		1787A3442669B11900417E27 /* Main.storyboard */ = {
			isa = PBXVariantGroup;
			children = (
				1787A3452669B11900417E27 /* Base */,
			);
			name = Main.storyboard;
			sourceTree = "<group>";
		};
		1787A3492669B11B00417E27 /* LaunchScreen.storyboard */ = {
			isa = PBXVariantGroup;
			children = (
				1787A34A2669B11B00417E27 /* Base */,
			);
			name = LaunchScreen.storyboard;
			sourceTree = "<group>";
		};
/* End PBXVariantGroup section */

/* Begin XCBuildConfiguration section */
		1787A34D2669B11B00417E27 /* Debug */ = {
			isa = XCBuildConfiguration;
			buildSettings = {
				ALWAYS_SEARCH_USER_PATHS = NO;
				CLANG_ANALYZER_NONNULL = YES;
				CLANG_ANALYZER_NUMBER_OBJECT_CONVERSION = YES_AGGRESSIVE;
				CLANG_CXX_LANGUAGE_STANDARD = "gnu++14";
				CLANG_CXX_LIBRARY = "libc++";
				CLANG_ENABLE_MODULES = YES;
				CLANG_ENABLE_OBJC_ARC = YES;
				CLANG_ENABLE_OBJC_WEAK = YES;
				CLANG_WARN_BLOCK_CAPTURE_AUTORELEASING = YES;
				CLANG_WARN_BOOL_CONVERSION = YES;
				CLANG_WARN_COMMA = YES;
				CLANG_WARN_CONSTANT_CONVERSION = YES;
				CLANG_WARN_DEPRECATED_OBJC_IMPLEMENTATIONS = YES;
				CLANG_WARN_DIRECT_OBJC_ISA_USAGE = YES_ERROR;
				CLANG_WARN_DOCUMENTATION_COMMENTS = YES;
				CLANG_WARN_EMPTY_BODY = YES;
				CLANG_WARN_ENUM_CONVERSION = YES;
				CLANG_WARN_INFINITE_RECURSION = YES;
				CLANG_WARN_INT_CONVERSION = YES;
				CLANG_WARN_NON_LITERAL_NULL_CONVERSION = YES;
				CLANG_WARN_OBJC_IMPLICIT_RETAIN_SELF = YES;
				CLANG_WARN_OBJC_LITERAL_CONVERSION = YES;
				CLANG_WARN_OBJC_ROOT_CLASS = YES_ERROR;
				CLANG_WARN_QUOTED_INCLUDE_IN_FRAMEWORK_HEADER = YES;
				CLANG_WARN_RANGE_LOOP_ANALYSIS = YES;
				CLANG_WARN_STRICT_PROTOTYPES = YES;
				CLANG_WARN_SUSPICIOUS_MOVE = YES;
				CLANG_WARN_UNGUARDED_AVAILABILITY = YES_AGGRESSIVE;
				CLANG_WARN_UNREACHABLE_CODE = YES;
				CLANG_WARN__DUPLICATE_METHOD_MATCH = YES;
				COPY_PHASE_STRIP = NO;
				DEBUG_INFORMATION_FORMAT = dwarf;
				ENABLE_STRICT_OBJC_MSGSEND = YES;
				ENABLE_TESTABILITY = YES;
				GCC_C_LANGUAGE_STANDARD = gnu11;
				GCC_DYNAMIC_NO_PIC = NO;
				GCC_NO_COMMON_BLOCKS = YES;
				GCC_OPTIMIZATION_LEVEL = 0;
				GCC_PREPROCESSOR_DEFINITIONS = (
					"DEBUG=1",
					"$(inherited)",
				);
				GCC_WARN_64_TO_32_BIT_CONVERSION = YES;
				GCC_WARN_ABOUT_RETURN_TYPE = YES_ERROR;
				GCC_WARN_UNDECLARED_SELECTOR = YES;
				GCC_WARN_UNINITIALIZED_AUTOS = YES_AGGRESSIVE;
				GCC_WARN_UNUSED_FUNCTION = YES;
				GCC_WARN_UNUSED_VARIABLE = YES;
				IPHONEOS_DEPLOYMENT_TARGET = 14.2;
				MTL_ENABLE_DEBUG_INFO = INCLUDE_SOURCE;
				MTL_FAST_MATH = YES;
				ONLY_ACTIVE_ARCH = YES;
				SDKROOT = iphoneos;
				SWIFT_ACTIVE_COMPILATION_CONDITIONS = DEBUG;
				SWIFT_OPTIMIZATION_LEVEL = "-Onone";
			};
			name = Debug;
		};
		1787A34E2669B11B00417E27 /* Release */ = {
			isa = XCBuildConfiguration;
			buildSettings = {
				ALWAYS_SEARCH_USER_PATHS = NO;
				CLANG_ANALYZER_NONNULL = YES;
				CLANG_ANALYZER_NUMBER_OBJECT_CONVERSION = YES_AGGRESSIVE;
				CLANG_CXX_LANGUAGE_STANDARD = "gnu++14";
				CLANG_CXX_LIBRARY = "libc++";
				CLANG_ENABLE_MODULES = YES;
				CLANG_ENABLE_OBJC_ARC = YES;
				CLANG_ENABLE_OBJC_WEAK = YES;
				CLANG_WARN_BLOCK_CAPTURE_AUTORELEASING = YES;
				CLANG_WARN_BOOL_CONVERSION = YES;
				CLANG_WARN_COMMA = YES;
				CLANG_WARN_CONSTANT_CONVERSION = YES;
				CLANG_WARN_DEPRECATED_OBJC_IMPLEMENTATIONS = YES;
				CLANG_WARN_DIRECT_OBJC_ISA_USAGE = YES_ERROR;
				CLANG_WARN_DOCUMENTATION_COMMENTS = YES;
				CLANG_WARN_EMPTY_BODY = YES;
				CLANG_WARN_ENUM_CONVERSION = YES;
				CLANG_WARN_INFINITE_RECURSION = YES;
				CLANG_WARN_INT_CONVERSION = YES;
				CLANG_WARN_NON_LITERAL_NULL_CONVERSION = YES;
				CLANG_WARN_OBJC_IMPLICIT_RETAIN_SELF = YES;
				CLANG_WARN_OBJC_LITERAL_CONVERSION = YES;
				CLANG_WARN_OBJC_ROOT_CLASS = YES_ERROR;
				CLANG_WARN_QUOTED_INCLUDE_IN_FRAMEWORK_HEADER = YES;
				CLANG_WARN_RANGE_LOOP_ANALYSIS = YES;
				CLANG_WARN_STRICT_PROTOTYPES = YES;
				CLANG_WARN_SUSPICIOUS_MOVE = YES;
				CLANG_WARN_UNGUARDED_AVAILABILITY = YES_AGGRESSIVE;
				CLANG_WARN_UNREACHABLE_CODE = YES;
				CLANG_WARN__DUPLICATE_METHOD_MATCH = YES;
				COPY_PHASE_STRIP = NO;
				DEBUG_INFORMATION_FORMAT = "dwarf-with-dsym";
				ENABLE_NS_ASSERTIONS = NO;
				ENABLE_STRICT_OBJC_MSGSEND = YES;
				GCC_C_LANGUAGE_STANDARD = gnu11;
				GCC_NO_COMMON_BLOCKS = YES;
				GCC_WARN_64_TO_32_BIT_CONVERSION = YES;
				GCC_WARN_ABOUT_RETURN_TYPE = YES_ERROR;
				GCC_WARN_UNDECLARED_SELECTOR = YES;
				GCC_WARN_UNINITIALIZED_AUTOS = YES_AGGRESSIVE;
				GCC_WARN_UNUSED_FUNCTION = YES;
				GCC_WARN_UNUSED_VARIABLE = YES;
				IPHONEOS_DEPLOYMENT_TARGET = 14.2;
				MTL_ENABLE_DEBUG_INFO = NO;
				MTL_FAST_MATH = YES;
				SDKROOT = iphoneos;
				SWIFT_COMPILATION_MODE = wholemodule;
				SWIFT_OPTIMIZATION_LEVEL = "-O";
				VALIDATE_PRODUCT = YES;
			};
			name = Release;
		};
		1787A3502669B11B00417E27 /* Debug */ = {
			isa = XCBuildConfiguration;
			buildSettings = {
				ASSETCATALOG_COMPILER_APPICON_NAME = AppIcon;
				ASSETCATALOG_COMPILER_GLOBAL_ACCENT_COLOR_NAME = AccentColor;
				CODE_SIGN_STYLE = Automatic;
				INFOPLIST_FILE = "Meus Filmes/Info.plist";
				LD_RUNPATH_SEARCH_PATHS = (
					"$(inherited)",
					"@executable_path/Frameworks",
				);
				PRODUCT_BUNDLE_IDENTIFIER = "com.diegofrazao.Meus-Filmes";
				PRODUCT_NAME = "$(TARGET_NAME)";
				SWIFT_VERSION = 5.0;
				TARGETED_DEVICE_FAMILY = "1,2";
			};
			name = Debug;
		};
		1787A3512669B11B00417E27 /* Release */ = {
			isa = XCBuildConfiguration;
			buildSettings = {
				ASSETCATALOG_COMPILER_APPICON_NAME = AppIcon;
				ASSETCATALOG_COMPILER_GLOBAL_ACCENT_COLOR_NAME = AccentColor;
				CODE_SIGN_STYLE = Automatic;
				INFOPLIST_FILE = "Meus Filmes/Info.plist";
				LD_RUNPATH_SEARCH_PATHS = (
					"$(inherited)",
					"@executable_path/Frameworks",
				);
				PRODUCT_BUNDLE_IDENTIFIER = "com.diegofrazao.Meus-Filmes";
				PRODUCT_NAME = "$(TARGET_NAME)";
				SWIFT_VERSION = 5.0;
				TARGETED_DEVICE_FAMILY = "1,2";
			};
			name = Release;
		};
/* End XCBuildConfiguration section */

/* Begin XCConfigurationList section */
		1787A3362669B11900417E27 /* Build configuration list for PBXProject "Meus Filmes" */ = {
			isa = XCConfigurationList;
			buildConfigurations = (
				1787A34D2669B11B00417E27 /* Debug */,
				1787A34E2669B11B00417E27 /* Release */,
			);
			defaultConfigurationIsVisible = 0;
			defaultConfigurationName = Release;
		};
		1787A34F2669B11B00417E27 /* Build configuration list for PBXNativeTarget "Meus Filmes" */ = {
			isa = XCConfigurationList;
			buildConfigurations = (
				1787A3502669B11B00417E27 /* Debug */,
				1787A3512669B11B00417E27 /* Release */,
			);
			defaultConfigurationIsVisible = 0;
			defaultConfigurationName = Release;
		};
/* End XCConfigurationList section */
	};
	rootObject = 1787A3332669B11900417E27 /* Project object */;
}
