// !$*UTF8*$!
{
	archiveVersion = 1;
	classes = {
	};
	objectVersion = 50;
	objects = {

/* Begin PBXBuildFile section */
		171506C426685ECC0008EF66 /* AppDelegate.swift in Sources */ = {isa = PBXBuildFile; fileRef = 171506C326685ECC0008EF66 /* AppDelegate.swift */; };
		171506C626685ECC0008EF66 /* SceneDelegate.swift in Sources */ = {isa = PBXBuildFile; fileRef = 171506C526685ECC0008EF66 /* SceneDelegate.swift */; };
		171506C826685ECC0008EF66 /* MainViewController.swift in Sources */ = {isa = PBXBuildFile; fileRef = 171506C726685ECC0008EF66 /* MainViewController.swift */; };
		171506CB26685ECC0008EF66 /* Main.storyboard in Resources */ = {isa = PBXBuildFile; fileRef = 171506C926685ECC0008EF66 /* Main.storyboard */; };
		171506CD26685ECD0008EF66 /* Assets.xcassets in Resources */ = {isa = PBXBuildFile; fileRef = 171506CC26685ECD0008EF66 /* Assets.xcassets */; };
		171506D026685ECD0008EF66 /* LaunchScreen.storyboard in Resources */ = {isa = PBXBuildFile; fileRef = 171506CE26685ECD0008EF66 /* LaunchScreen.storyboard */; };
		171506D926685F040008EF66 /* Forca.swift in Sources */ = {isa = PBXBuildFile; fileRef = 171506D826685F040008EF66 /* Forca.swift */; };
		171506DD266861780008EF66 /* ResultadoViewController.swift in Sources */ = {isa = PBXBuildFile; fileRef = 171506DC266861780008EF66 /* ResultadoViewController.swift */; };
/* End PBXBuildFile section */

/* Begin PBXFileReference section */
		171506C026685ECC0008EF66 /* Jogo da Forca.app */ = {isa = PBXFileReference; explicitFileType = wrapper.application; includeInIndex = 0; path = "Jogo da Forca.app"; sourceTree = BUILT_PRODUCTS_DIR; };
		171506C326685ECC0008EF66 /* AppDelegate.swift */ = {isa = PBXFileReference; lastKnownFileType = sourcecode.swift; path = AppDelegate.swift; sourceTree = "<group>"; };
		171506C526685ECC0008EF66 /* SceneDelegate.swift */ = {isa = PBXFileReference; lastKnownFileType = sourcecode.swift; path = SceneDelegate.swift; sourceTree = "<group>"; };
		171506C726685ECC0008EF66 /* MainViewController.swift */ = {isa = PBXFileReference; lastKnownFileType = sourcecode.swift; path = MainViewController.swift; sourceTree = "<group>"; };
		171506CA26685ECC0008EF66 /* Base */ = {isa = PBXFileReference; lastKnownFileType = file.storyboard; name = Base; path = Base.lproj/Main.storyboard; sourceTree = "<group>"; };
		171506CC26685ECD0008EF66 /* Assets.xcassets */ = {isa = PBXFileReference; lastKnownFileType = folder.assetcatalog; path = Assets.xcassets; sourceTree = "<group>"; };
		171506CF26685ECD0008EF66 /* Base */ = {isa = PBXFileReference; lastKnownFileType = file.storyboard; name = Base; path = Base.lproj/LaunchScreen.storyboard; sourceTree = "<group>"; };
		171506D126685ECD0008EF66 /* Info.plist */ = {isa = PBXFileReference; lastKnownFileType = text.plist.xml; path = Info.plist; sourceTree = "<group>"; };
		171506D826685F040008EF66 /* Forca.swift */ = {isa = PBXFileReference; lastKnownFileType = sourcecode.swift; path = Forca.swift; sourceTree = "<group>"; };
		171506DC266861780008EF66 /* ResultadoViewController.swift */ = {isa = PBXFileReference; lastKnownFileType = sourcecode.swift; path = ResultadoViewController.swift; sourceTree = "<group>"; };
/* End PBXFileReference section */

/* Begin PBXFrameworksBuildPhase section */
		171506BD26685ECC0008EF66 /* Frameworks */ = {
			isa = PBXFrameworksBuildPhase;
			buildActionMask = 2147483647;
			files = (
			);
			runOnlyForDeploymentPostprocessing = 0;
		};
/* End PBXFrameworksBuildPhase section */

/* Begin PBXGroup section */
		171506B726685ECC0008EF66 = {
			isa = PBXGroup;
			children = (
				171506C226685ECC0008EF66 /* jogo da forca */,
				171506C126685ECC0008EF66 /* Products */,
			);
			sourceTree = "<group>";
		};
		171506C126685ECC0008EF66 /* Products */ = {
			isa = PBXGroup;
			children = (
				171506C026685ECC0008EF66 /* Jogo da Forca.app */,
			);
			name = Products;
			sourceTree = "<group>";
		};
		171506C226685ECC0008EF66 /* jogo da forca */ = {
			isa = PBXGroup;
			children = (
				171506E1266861AB0008EF66 /* Controller */,
				171506DF266861920008EF66 /* Model */,
				171506E02668619D0008EF66 /* View */,
				171506C326685ECC0008EF66 /* AppDelegate.swift */,
				171506C526685ECC0008EF66 /* SceneDelegate.swift */,
				171506CC26685ECD0008EF66 /* Assets.xcassets */,
				171506D126685ECD0008EF66 /* Info.plist */,
			);
			path = "jogo da forca";
			sourceTree = "<group>";
		};
		171506DF266861920008EF66 /* Model */ = {
			isa = PBXGroup;
			children = (
				171506D826685F040008EF66 /* Forca.swift */,
			);
			path = Model;
			sourceTree = "<group>";
		};
		171506E02668619D0008EF66 /* View */ = {
			isa = PBXGroup;
			children = (
				171506CE26685ECD0008EF66 /* LaunchScreen.storyboard */,
				171506C926685ECC0008EF66 /* Main.storyboard */,
			);
			path = View;
			sourceTree = "<group>";
		};
		171506E1266861AB0008EF66 /* Controller */ = {
			isa = PBXGroup;
			children = (
				171506C726685ECC0008EF66 /* MainViewController.swift */,
				171506DC266861780008EF66 /* ResultadoViewController.swift */,
			);
			path = Controller;
			sourceTree = "<group>";
		};
/* End PBXGroup section */

/* Begin PBXNativeTarget section */
		171506BF26685ECC0008EF66 /* Jogo da Forca */ = {
			isa = PBXNativeTarget;
			buildConfigurationList = 171506D426685ECD0008EF66 /* Build configuration list for PBXNativeTarget "Jogo da Forca" */;
			buildPhases = (
				171506BC26685ECC0008EF66 /* Sources */,
				171506BD26685ECC0008EF66 /* Frameworks */,
				171506BE26685ECC0008EF66 /* Resources */,
			);
			buildRules = (
			);
			dependencies = (
			);
			name = "Jogo da Forca";
			productName = "jogo da forca";
			productReference = 171506C026685ECC0008EF66 /* Jogo da Forca.app */;
			productType = "com.apple.product-type.application";
		};
/* End PBXNativeTarget section */

/* Begin PBXProject section */
		171506B826685ECC0008EF66 /* Project object */ = {
			isa = PBXProject;
			attributes = {
				LastSwiftUpdateCheck = 1220;
				LastUpgradeCheck = 1220;
				TargetAttributes = {
					171506BF26685ECC0008EF66 = {
						CreatedOnToolsVersion = 12.2;
					};
				};
			};
			buildConfigurationList = 171506BB26685ECC0008EF66 /* Build configuration list for PBXProject "Jogo da Forca" */;
			compatibilityVersion = "Xcode 9.3";
			developmentRegion = en;
			hasScannedForEncodings = 0;
			knownRegions = (
				en,
				Base,
			);
			mainGroup = 171506B726685ECC0008EF66;
			productRefGroup = 171506C126685ECC0008EF66 /* Products */;
			projectDirPath = "";
			projectRoot = "";
			targets = (
				171506BF26685ECC0008EF66 /* Jogo da Forca */,
			);
		};
/* End PBXProject section */

/* Begin PBXResourcesBuildPhase section */
		171506BE26685ECC0008EF66 /* Resources */ = {
			isa = PBXResourcesBuildPhase;
			buildActionMask = 2147483647;
			files = (
				171506D026685ECD0008EF66 /* LaunchScreen.storyboard in Resources */,
				171506CD26685ECD0008EF66 /* Assets.xcassets in Resources */,
				171506CB26685ECC0008EF66 /* Main.storyboard in Resources */,
			);
			runOnlyForDeploymentPostprocessing = 0;
		};
/* End PBXResourcesBuildPhase section */

/* Begin PBXSourcesBuildPhase section */
		171506BC26685ECC0008EF66 /* Sources */ = {
			isa = PBXSourcesBuildPhase;
			buildActionMask = 2147483647;
			files = (
				171506C826685ECC0008EF66 /* MainViewController.swift in Sources */,
				171506D926685F040008EF66 /* Forca.swift in Sources */,
				171506DD266861780008EF66 /* ResultadoViewController.swift in Sources */,
				171506C426685ECC0008EF66 /* AppDelegate.swift in Sources */,
				171506C626685ECC0008EF66 /* SceneDelegate.swift in Sources */,
			);
			runOnlyForDeploymentPostprocessing = 0;
		};
/* End PBXSourcesBuildPhase section */

/* Begin PBXVariantGroup section */
		171506C926685ECC0008EF66 /* Main.storyboard */ = {
			isa = PBXVariantGroup;
			children = (
				171506CA26685ECC0008EF66 /* Base */,
			);
			name = Main.storyboard;
			sourceTree = "<group>";
		};
		171506CE26685ECD0008EF66 /* LaunchScreen.storyboard */ = {
			isa = PBXVariantGroup;
			children = (
				171506CF26685ECD0008EF66 /* Base */,
			);
			name = LaunchScreen.storyboard;
			sourceTree = "<group>";
		};
/* End PBXVariantGroup section */

/* Begin XCBuildConfiguration section */
		171506D226685ECD0008EF66 /* Debug */ = {
			isa = XCBuildConfiguration;
			buildSettings = {
				ALWAYS_SEARCH_USER_PATHS = NO;
				CLANG_ANALYZER_NONNULL = YES;
				CLANG_ANALYZER_NUMBER_OBJECT_CONVERSION = YES_AGGRESSIVE;
				CLANG_CXX_LANGUAGE_STANDARD = "gnu++14";
				CLANG_CXX_LIBRARY = "libc++";
				CLANG_ENABLE_MODULES = YES;
				CLANG_ENABLE_OBJC_ARC = YES;
				CLANG_ENABLE_OBJC_WEAK = YES;
				CLANG_WARN_BLOCK_CAPTURE_AUTORELEASING = YES;
				CLANG_WARN_BOOL_CONVERSION = YES;
				CLANG_WARN_COMMA = YES;
				CLANG_WARN_CONSTANT_CONVERSION = YES;
				CLANG_WARN_DEPRECATED_OBJC_IMPLEMENTATIONS = YES;
				CLANG_WARN_DIRECT_OBJC_ISA_USAGE = YES_ERROR;
				CLANG_WARN_DOCUMENTATION_COMMENTS = YES;
				CLANG_WARN_EMPTY_BODY = YES;
				CLANG_WARN_ENUM_CONVERSION = YES;
				CLANG_WARN_INFINITE_RECURSION = YES;
				CLANG_WARN_INT_CONVERSION = YES;
				CLANG_WARN_NON_LITERAL_NULL_CONVERSION = YES;
				CLANG_WARN_OBJC_IMPLICIT_RETAIN_SELF = YES;
				CLANG_WARN_OBJC_LITERAL_CONVERSION = YES;
				CLANG_WARN_OBJC_ROOT_CLASS = YES_ERROR;
				CLANG_WARN_QUOTED_INCLUDE_IN_FRAMEWORK_HEADER = YES;
				CLANG_WARN_RANGE_LOOP_ANALYSIS = YES;
				CLANG_WARN_STRICT_PROTOTYPES = YES;
				CLANG_WARN_SUSPICIOUS_MOVE = YES;
				CLANG_WARN_UNGUARDED_AVAILABILITY = YES_AGGRESSIVE;
				CLANG_WARN_UNREACHABLE_CODE = YES;
				CLANG_WARN__DUPLICATE_METHOD_MATCH = YES;
				COPY_PHASE_STRIP = NO;
				DEBUG_INFORMATION_FORMAT = dwarf;
				ENABLE_STRICT_OBJC_MSGSEND = YES;
				ENABLE_TESTABILITY = YES;
				GCC_C_LANGUAGE_STANDARD = gnu11;
				GCC_DYNAMIC_NO_PIC = NO;
				GCC_NO_COMMON_BLOCKS = YES;
				GCC_OPTIMIZATION_LEVEL = 0;
				GCC_PREPROCESSOR_DEFINITIONS = (
					"DEBUG=1",
					"$(inherited)",
				);
				GCC_WARN_64_TO_32_BIT_CONVERSION = YES;
				GCC_WARN_ABOUT_RETURN_TYPE = YES_ERROR;
				GCC_WARN_UNDECLARED_SELECTOR = YES;
				GCC_WARN_UNINITIALIZED_AUTOS = YES_AGGRESSIVE;
				GCC_WARN_UNUSED_FUNCTION = YES;
				GCC_WARN_UNUSED_VARIABLE = YES;
				IPHONEOS_DEPLOYMENT_TARGET = 14.2;
				MTL_ENABLE_DEBUG_INFO = INCLUDE_SOURCE;
				MTL_FAST_MATH = YES;
				ONLY_ACTIVE_ARCH = YES;
				SDKROOT = iphoneos;
				SWIFT_ACTIVE_COMPILATION_CONDITIONS = DEBUG;
				SWIFT_OPTIMIZATION_LEVEL = "-Onone";
			};
			name = Debug;
		};
		171506D326685ECD0008EF66 /* Release */ = {
			isa = XCBuildConfiguration;
			buildSettings = {
				ALWAYS_SEARCH_USER_PATHS = NO;
				CLANG_ANALYZER_NONNULL = YES;
				CLANG_ANALYZER_NUMBER_OBJECT_CONVERSION = YES_AGGRESSIVE;
				CLANG_CXX_LANGUAGE_STANDARD = "gnu++14";
				CLANG_CXX_LIBRARY = "libc++";
				CLANG_ENABLE_MODULES = YES;
				CLANG_ENABLE_OBJC_ARC = YES;
				CLANG_ENABLE_OBJC_WEAK = YES;
				CLANG_WARN_BLOCK_CAPTURE_AUTORELEASING = YES;
				CLANG_WARN_BOOL_CONVERSION = YES;
				CLANG_WARN_COMMA = YES;
				CLANG_WARN_CONSTANT_CONVERSION = YES;
				CLANG_WARN_DEPRECATED_OBJC_IMPLEMENTATIONS = YES;
				CLANG_WARN_DIRECT_OBJC_ISA_USAGE = YES_ERROR;
				CLANG_WARN_DOCUMENTATION_COMMENTS = YES;
				CLANG_WARN_EMPTY_BODY = YES;
				CLANG_WARN_ENUM_CONVERSION = YES;
				CLANG_WARN_INFINITE_RECURSION = YES;
				CLANG_WARN_INT_CONVERSION = YES;
				CLANG_WARN_NON_LITERAL_NULL_CONVERSION = YES;
				CLANG_WARN_OBJC_IMPLICIT_RETAIN_SELF = YES;
				CLANG_WARN_OBJC_LITERAL_CONVERSION = YES;
				CLANG_WARN_OBJC_ROOT_CLASS = YES_ERROR;
				CLANG_WARN_QUOTED_INCLUDE_IN_FRAMEWORK_HEADER = YES;
				CLANG_WARN_RANGE_LOOP_ANALYSIS = YES;
				CLANG_WARN_STRICT_PROTOTYPES = YES;
				CLANG_WARN_SUSPICIOUS_MOVE = YES;
				CLANG_WARN_UNGUARDED_AVAILABILITY = YES_AGGRESSIVE;
				CLANG_WARN_UNREACHABLE_CODE = YES;
				CLANG_WARN__DUPLICATE_METHOD_MATCH = YES;
				COPY_PHASE_STRIP = NO;
				DEBUG_INFORMATION_FORMAT = "dwarf-with-dsym";
				ENABLE_NS_ASSERTIONS = NO;
				ENABLE_STRICT_OBJC_MSGSEND = YES;
				GCC_C_LANGUAGE_STANDARD = gnu11;
				GCC_NO_COMMON_BLOCKS = YES;
				GCC_WARN_64_TO_32_BIT_CONVERSION = YES;
				GCC_WARN_ABOUT_RETURN_TYPE = YES_ERROR;
				GCC_WARN_UNDECLARED_SELECTOR = YES;
				GCC_WARN_UNINITIALIZED_AUTOS = YES_AGGRESSIVE;
				GCC_WARN_UNUSED_FUNCTION = YES;
				GCC_WARN_UNUSED_VARIABLE = YES;
				IPHONEOS_DEPLOYMENT_TARGET = 14.2;
				MTL_ENABLE_DEBUG_INFO = NO;
				MTL_FAST_MATH = YES;
				SDKROOT = iphoneos;
				SWIFT_COMPILATION_MODE = wholemodule;
				SWIFT_OPTIMIZATION_LEVEL = "-O";
				VALIDATE_PRODUCT = YES;
			};
			name = Release;
		};
		171506D526685ECD0008EF66 /* Debug */ = {
			isa = XCBuildConfiguration;
			buildSettings = {
				ASSETCATALOG_COMPILER_APPICON_NAME = AppIcon;
				ASSETCATALOG_COMPILER_GLOBAL_ACCENT_COLOR_NAME = AccentColor;
				CODE_SIGN_STYLE = Automatic;
				INFOPLIST_FILE = "jogo da forca/Info.plist";
				LD_RUNPATH_SEARCH_PATHS = (
					"$(inherited)",
					"@executable_path/Frameworks",
				);
				PRODUCT_BUNDLE_IDENTIFIER = "com.diegofrazao.jogo-da-forca";
				PRODUCT_NAME = "$(TARGET_NAME)";
				SWIFT_VERSION = 5.0;
				TARGETED_DEVICE_FAMILY = "1,2";
			};
			name = Debug;
		};
		171506D626685ECD0008EF66 /* Release */ = {
			isa = XCBuildConfiguration;
			buildSettings = {
				ASSETCATALOG_COMPILER_APPICON_NAME = AppIcon;
				ASSETCATALOG_COMPILER_GLOBAL_ACCENT_COLOR_NAME = AccentColor;
				CODE_SIGN_STYLE = Automatic;
				INFOPLIST_FILE = "jogo da forca/Info.plist";
				LD_RUNPATH_SEARCH_PATHS = (
					"$(inherited)",
					"@executable_path/Frameworks",
				);
				PRODUCT_BUNDLE_IDENTIFIER = "com.diegofrazao.jogo-da-forca";
				PRODUCT_NAME = "$(TARGET_NAME)";
				SWIFT_VERSION = 5.0;
				TARGETED_DEVICE_FAMILY = "1,2";
			};
			name = Release;
		};
/* End XCBuildConfiguration section */

/* Begin XCConfigurationList section */
		171506BB26685ECC0008EF66 /* Build configuration list for PBXProject "Jogo da Forca" */ = {
			isa = XCConfigurationList;
			buildConfigurations = (
				171506D226685ECD0008EF66 /* Debug */,
				171506D326685ECD0008EF66 /* Release */,
			);
			defaultConfigurationIsVisible = 0;
			defaultConfigurationName = Release;
		};
		171506D426685ECD0008EF66 /* Build configuration list for PBXNativeTarget "Jogo da Forca" */ = {
			isa = XCConfigurationList;
			buildConfigurations = (
				171506D526685ECD0008EF66 /* Debug */,
				171506D626685ECD0008EF66 /* Release */,
			);
			defaultConfigurationIsVisible = 0;
			defaultConfigurationName = Release;
		};
/* End XCConfigurationList section */
	};
	rootObject = 171506B826685ECC0008EF66 /* Project object */;
}
